
Microsoft Visual Studio Solution File, Format Version 12.00
# Visual Studio 14
VisualStudioVersion = 14.0.23107.0
MinimumVisualStudioVersion = 10.0.40219.1
Project("{FAE04EC0-301F-11D3-BF4B-00C04F79EFBC}") = "LINQDiffWays2WriteLinqQueries", "LINQDiffWays2WriteLinqQueries\LINQDiffWays2WriteLinqQueries.csproj", "{C697E68A-2611-4DCD-B4A6-1E057BEE9D54}"
EndProject
Global
	GlobalSection(SolutionConfigurationPlatforms) = preSolution
		Debug|Any CPU = Debug|Any CPU
		Release|Any CPU = Release|Any CPU
	EndGlobalSection
	GlobalSection(ProjectConfigurationPlatforms) = postSolution
		{C697E68A-2611-4DCD-B4A6-1E057BEE9D54}.Debug|Any CPU.ActiveCfg = Debug|Any CPU
		{C697E68A-2611-4DCD-B4A6-1E057BEE9D54}.Debug|Any CPU.Build.0 = Debug|Any CPU
		{C697E68A-2611-4DCD-B4A6-1E057BEE9D54}.Release|Any CPU.ActiveCfg = Release|Any CPU
		{C697E68A-2611-4DCD-B4A6-1E057BEE9D54}.Release|Any CPU.Build.0 = Release|Any CPU
	EndGlobalSection
	GlobalSection(SolutionProperties) = preSolution
		HideSolutionNode = FALSE
	EndGlobalSection
EndGlobal
